
Microsoft Visual Studio Solution File, Format Version 12.00
# Visual Studio Version 17
VisualStudioVersion = 17.7.34031.279
MinimumVisualStudioVersion = 10.0.40219.1
Project("{FAE04EC0-301F-11D3-BF4B-00C04F79EFBC}") = "prvnitest", "prvnitest.csproj", "{B5375D0B-E45A-4105-BC74-492B77862E1B}"
EndProject
Global
	GlobalSection(SolutionConfigurationPlatforms) = preSolution
		Debug|Any CPU = Debug|Any CPU
		Release|Any CPU = Release|Any CPU
	EndGlobalSection
	GlobalSection(ProjectConfigurationPlatforms) = postSolution
		{B5375D0B-E45A-4105-BC74-492B77862E1B}.Debug|Any CPU.ActiveCfg = Debug|Any CPU
		{B5375D0B-E45A-4105-BC74-492B77862E1B}.Debug|Any CPU.Build.0 = Debug|Any CPU
		{B5375D0B-E45A-4105-BC74-492B77862E1B}.Release|Any CPU.ActiveCfg = Release|Any CPU
		{B5375D0B-E45A-4105-BC74-492B77862E1B}.Release|Any CPU.Build.0 = Release|Any CPU
	EndGlobalSection
	GlobalSection(SolutionProperties) = preSolution
		HideSolutionNode = FALSE
	EndGlobalSection
	GlobalSection(ExtensibilityGlobals) = postSolution
		SolutionGuid = {CCFE1485-EDD3-4302-9312-6E2DD14BBAB9}
	EndGlobalSection
EndGlobal
